
Microsoft Visual Studio Solution File, Format Version 12.00
# Visual Studio 2013
Project("{FAE04EC0-301F-11D3-BF4B-00C04F79EFBC}") = "UnityVS.Nyctophobia.CSharp", "UnityVS.Nyctophobia.CSharp.csproj", "{84C67315-7182-8033-4A48-3C00ED46E6D0}"
EndProject
Project("{FAE04EC0-301F-11D3-BF4B-00C04F79EFBC}") = "UnityVS.Nyctophobia.CSharp.Editor", "UnityVS.Nyctophobia.CSharp.Editor.csproj", "{E7B88A6B-7A83-7169-63DC-6590842A266A}"
EndProject
Project("{FAE04EC0-301F-11D3-BF4B-00C04F79EFBC}") = "UnityVS.Nyctophobia.CSharp.Plugins", "UnityVS.Nyctophobia.CSharp.Plugins.csproj", "{391DA145-D7F6-49F3-28D5-A3B01239E18B}"
EndProject
Global
	GlobalSection(SolutionConfigurationPlatforms) = preSolution
		Debug|Any CPU = Debug|Any CPU
		Release|Any CPU = Release|Any CPU
	EndGlobalSection
	GlobalSection(ProjectConfigurationPlatforms) = postSolution
		{84C67315-7182-8033-4A48-3C00ED46E6D0}.Debug|Any CPU.ActiveCfg = Debug|Any CPU
		{84C67315-7182-8033-4A48-3C00ED46E6D0}.Debug|Any CPU.Build.0 = Debug|Any CPU
		{84C67315-7182-8033-4A48-3C00ED46E6D0}.Release|Any CPU.ActiveCfg = Release|Any CPU
		{84C67315-7182-8033-4A48-3C00ED46E6D0}.Release|Any CPU.Build.0 = Release|Any CPU
		{E7B88A6B-7A83-7169-63DC-6590842A266A}.Debug|Any CPU.ActiveCfg = Debug|Any CPU
		{E7B88A6B-7A83-7169-63DC-6590842A266A}.Debug|Any CPU.Build.0 = Debug|Any CPU
		{E7B88A6B-7A83-7169-63DC-6590842A266A}.Release|Any CPU.ActiveCfg = Release|Any CPU
		{E7B88A6B-7A83-7169-63DC-6590842A266A}.Release|Any CPU.Build.0 = Release|Any CPU
		{391DA145-D7F6-49F3-28D5-A3B01239E18B}.Debug|Any CPU.ActiveCfg = Debug|Any CPU
		{391DA145-D7F6-49F3-28D5-A3B01239E18B}.Debug|Any CPU.Build.0 = Debug|Any CPU
		{391DA145-D7F6-49F3-28D5-A3B01239E18B}.Release|Any CPU.ActiveCfg = Release|Any CPU
		{391DA145-D7F6-49F3-28D5-A3B01239E18B}.Release|Any CPU.Build.0 = Release|Any CPU
	EndGlobalSection
	GlobalSection(SolutionProperties) = preSolution
		HideSolutionNode = FALSE
	EndGlobalSection
EndGlobal
